
Microsoft Visual Studio Solution File, Format Version 12.00
# Visual Studio Version 16
VisualStudioVersion = 16.0.29306.81
MinimumVisualStudioVersion = 10.0.40219.1
Project("{FAE04EC0-301F-11D3-BF4B-00C04F79EFBC}") = "tryCatch01", "tryCatch01\tryCatch01.csproj", "{E28BFA67-CBB1-4098-8E9B-01E7432A3E2E}"
EndProject
Global
	GlobalSection(SolutionConfigurationPlatforms) = preSolution
		Debug|Any CPU = Debug|Any CPU
		Release|Any CPU = Release|Any CPU
	EndGlobalSection
	GlobalSection(ProjectConfigurationPlatforms) = postSolution
		{E28BFA67-CBB1-4098-8E9B-01E7432A3E2E}.Debug|Any CPU.ActiveCfg = Debug|Any CPU
		{E28BFA67-CBB1-4098-8E9B-01E7432A3E2E}.Debug|Any CPU.Build.0 = Debug|Any CPU
		{E28BFA67-CBB1-4098-8E9B-01E7432A3E2E}.Release|Any CPU.ActiveCfg = Release|Any CPU
		{E28BFA67-CBB1-4098-8E9B-01E7432A3E2E}.Release|Any CPU.Build.0 = Release|Any CPU
	EndGlobalSection
	GlobalSection(SolutionProperties) = preSolution
		HideSolutionNode = FALSE
	EndGlobalSection
	GlobalSection(ExtensibilityGlobals) = postSolution
		SolutionGuid = {89F809A7-44D9-4D6D-9586-CBC19611922C}
	EndGlobalSection
EndGlobal
